Microsoft Visual Studio Solution File, Format Version 12.00
# Visual Studio 2012
Project("{FAE04EC0-301F-11D3-BF4B-00C04F79EFBC}") = "Graphics Project", "Graphics Project.csproj", "{226555F1-8FB0-465E-83DE-05C57E05F877}"
EndProject
Global
	GlobalSection(SolutionConfigurationPlatforms) = preSolution
	Debug|Any CPU = Debug|Any CPU
	ExportDebug|Any CPU = ExportDebug|Any CPU
	ExportRelease|Any CPU = ExportRelease|Any CPU
	EndGlobalSection
	GlobalSection(ProjectConfigurationPlatforms) = postSolution
		{226555F1-8FB0-465E-83DE-05C57E05F877}.Debug|Any CPU.ActiveCfg = Debug|Any CPU
		{226555F1-8FB0-465E-83DE-05C57E05F877}.Debug|Any CPU.Build.0 = Debug|Any CPU
		{226555F1-8FB0-465E-83DE-05C57E05F877}.ExportDebug|Any CPU.ActiveCfg = ExportDebug|Any CPU
		{226555F1-8FB0-465E-83DE-05C57E05F877}.ExportDebug|Any CPU.Build.0 = ExportDebug|Any CPU
		{226555F1-8FB0-465E-83DE-05C57E05F877}.ExportRelease|Any CPU.ActiveCfg = ExportRelease|Any CPU
		{226555F1-8FB0-465E-83DE-05C57E05F877}.ExportRelease|Any CPU.Build.0 = ExportRelease|Any CPU
	EndGlobalSection
EndGlobal
